
Microsoft Visual Studio Solution File, Format Version 12.00
Project("{FAE04EC0-301F-11D3-BF4B-00C04F79EFBC}") = "CrossPlatformDownloadManager.DesktopApp", "CrossPlatformDownloadManager.DesktopApp\CrossPlatformDownloadManager.DesktopApp.csproj", "{84494CB8-19AE-4E87-AE1E-506E515EE8F0}"
EndProject
Project("{FAE04EC0-301F-11D3-BF4B-00C04F79EFBC}") = "CrossPlatformDownloadManager.Test", "CrossPlatformDownloadManager.Test\CrossPlatformDownloadManager.Test.csproj", "{A3BAAE05-50FA-43C0-A53C-AD83E5977023}"
EndProject
Project("{FAE04EC0-301F-11D3-BF4B-00C04F79EFBC}") = "CrossPlatformDownloadManager.Data", "CrossPlatformDownloadManager.Data\CrossPlatformDownloadManager.Data.csproj", "{703FF9B4-4F7C-4FCD-9948-4D9D8AEA748D}"
EndProject
Project("{FAE04EC0-301F-11D3-BF4B-00C04F79EFBC}") = "CrossPlatformDownloadManager.Utils", "CrossPlatformDownloadManager.Utils\CrossPlatformDownloadManager.Utils.csproj", "{5CB14278-691B-401F-901C-F79266804A43}"
EndProject
Global
	GlobalSection(SolutionConfigurationPlatforms) = preSolution
		Debug|Any CPU = Debug|Any CPU
		Release|Any CPU = Release|Any CPU
	EndGlobalSection
	GlobalSection(ProjectConfigurationPlatforms) = postSolution
		{84494CB8-19AE-4E87-AE1E-506E515EE8F0}.Debug|Any CPU.ActiveCfg = Debug|Any CPU
		{84494CB8-19AE-4E87-AE1E-506E515EE8F0}.Debug|Any CPU.Build.0 = Debug|Any CPU
		{84494CB8-19AE-4E87-AE1E-506E515EE8F0}.Release|Any CPU.ActiveCfg = Release|Any CPU
		{84494CB8-19AE-4E87-AE1E-506E515EE8F0}.Release|Any CPU.Build.0 = Release|Any CPU
		{A3BAAE05-50FA-43C0-A53C-AD83E5977023}.Debug|Any CPU.ActiveCfg = Debug|Any CPU
		{A3BAAE05-50FA-43C0-A53C-AD83E5977023}.Debug|Any CPU.Build.0 = Debug|Any CPU
		{A3BAAE05-50FA-43C0-A53C-AD83E5977023}.Release|Any CPU.ActiveCfg = Release|Any CPU
		{A3BAAE05-50FA-43C0-A53C-AD83E5977023}.Release|Any CPU.Build.0 = Release|Any CPU
		{703FF9B4-4F7C-4FCD-9948-4D9D8AEA748D}.Debug|Any CPU.ActiveCfg = Debug|Any CPU
		{703FF9B4-4F7C-4FCD-9948-4D9D8AEA748D}.Debug|Any CPU.Build.0 = Debug|Any CPU
		{703FF9B4-4F7C-4FCD-9948-4D9D8AEA748D}.Release|Any CPU.ActiveCfg = Release|Any CPU
		{703FF9B4-4F7C-4FCD-9948-4D9D8AEA748D}.Release|Any CPU.Build.0 = Release|Any CPU
		{5CB14278-691B-401F-901C-F79266804A43}.Debug|Any CPU.ActiveCfg = Debug|Any CPU
		{5CB14278-691B-401F-901C-F79266804A43}.Debug|Any CPU.Build.0 = Debug|Any CPU
		{5CB14278-691B-401F-901C-F79266804A43}.Release|Any CPU.ActiveCfg = Release|Any CPU
		{5CB14278-691B-401F-901C-F79266804A43}.Release|Any CPU.Build.0 = Release|Any CPU
	EndGlobalSection
EndGlobal
